{
  "version": 1,
  "dependencies": {
    "net9.0": {
      "Microsoft.AspNetCore.OpenApi": {
        "type": "Direct",
        "requested": "[9.0.6, )",
        "resolved": "9.0.6",
        "contentHash": "MOJ4DG1xd3NlWMYh+JdGNT9uvBtEk1XQU/FQlpNZFlAzM8t0oB5IimvnGlnK7jmyY4vQagLPB1xw1HjJ8CHrZg==",
        "dependencies": {
          "Microsoft.OpenApi": "1.6.17"
        }
      },
      "Microsoft.EntityFrameworkCore": {
        "type": "Transitive",
        "resolved": "9.0.0",
        "contentHash": "wpG+nfnfDAw87R3ovAsUmjr3MZ4tYXf6bFqEPVAIKE6IfPml3DS//iX0DBnf8kWn5ZHSO5oi1m4d/Jf+1LifJQ==",
        "dependencies": {
          "Microsoft.EntityFrameworkCore.Abstractions": "9.0.0",
          "Microsoft.EntityFrameworkCore.Analyzers": "9.0.0",
          "Microsoft.Extensions.Caching.Memory": "9.0.0",
          "Microsoft.Extensions.Logging": "9.0.0"
        }
      },
      "Microsoft.EntityFrameworkCore.Abstractions": {
        "type": "Transitive",
        "resolved": "9.0.0",
        "contentHash": "fnmifFL8KaA4ZNLCVgfjCWhZUFxkrDInx5hR4qG7Q8IEaSiy/6VOSRFyx55oH7MV4y7wM3J3EE90nSpcVBI44Q=="
      },
      "Microsoft.EntityFrameworkCore.Analyzers": {
        "type": "Transitive",
        "resolved": "9.0.0",
        "contentHash": "Qje+DzXJOKiXF72SL0XxNlDtTkvWWvmwknuZtFahY5hIQpRKO59qnGuERIQ3qlzuq5x4bAJ8WMbgU5DLhBgeOQ=="
      },
      "Microsoft.EntityFrameworkCore.Relational": {
        "type": "Transitive",
        "resolved": "9.0.0",
        "contentHash": "j+msw6fWgAE9M3Q/5B9Uhv7pdAdAQUvFPJAiBJmoy+OXvehVbfbCE8ftMAa51Uo2ZeiqVnHShhnv4Y4UJJmUzA==",
        "dependencies": {
          "Microsoft.EntityFrameworkCore": "9.0.0",
          "Microsoft.Extensions.Caching.Memory": "9.0.0",
          "Microsoft.Extensions.Configuration.Abstractions": "9.0.0",
          "Microsoft.Extensions.Logging": "9.0.0"
        }
      },
      "Microsoft.Extensions.Caching.Abstractions": {
        "type": "Transitive",
        "resolved": "9.0.0",
        "contentHash": "FPWZAa9c0H4dvOj351iR1jkUIs4u9ykL4Bm592yhjDyO5lCoWd+TMAHx2EMbarzUvCvgjWjJIoC6//Q9kH6YhA==",
        "dependencies": {
          "Microsoft.Extensions.Primitives": "9.0.0"
        }
      },
      "Microsoft.Extensions.Caching.Memory": {
        "type": "Transitive",
        "resolved": "9.0.0",
        "contentHash": "zbnPX/JQ0pETRSUG9fNPBvpIq42Aufvs15gGYyNIMhCun9yhmWihz0WgsI7bSDPjxWTKBf8oX/zv6v2uZ3W9OQ==",
        "dependencies": {
          "Microsoft.Extensions.Caching.Abstractions": "9.0.0",
          "Microsoft.Extensions.DependencyInjection.Abstractions": "9.0.0",
          "Microsoft.Extensions.Logging.Abstractions": "9.0.0",
          "Microsoft.Extensions.Options": "9.0.0",
          "Microsoft.Extensions.Primitives": "9.0.0"
        }
      },
      "Microsoft.Extensions.Configuration": {
        "type": "Transitive",
        "resolved": "10.0.12",
        "contentHash": "e3IPP32CRNL031VZJAUTlCTG0YN7WFh4mN3fsSHTDQCJB+3+f0jGycv4fXk3rrftaY3B85XrQaj7sRthrOsavg==",
        "dependencies": {
          "Microsoft.Extensions.Configuration.Abstractions": "10.0.12",
          "Microsoft.Extensions.Primitives": "10.0.12"
        }
      },
      "Microsoft.Extensions.Configuration.Abstractions": {
        "type": "Transitive",
        "resolved": "10.0.12",
        "contentHash": "8xaGcvS/qZ1otoxPQCEJkNva389CVL/plNcvIETZhQTETYdRkYDPEYhUMoAGONo4FU45ufdfE0j29AfWVVj0wA==",
        "dependencies": {
          "Microsoft.Extensions.Primitives": "10.0.12"
        }
      },
      "Microsoft.Extensions.Configuration.Binder": {
        "type": "Transitive",
        "resolved": "10.0.12",
        "contentHash": "dAgIf1TOr8KLs+aBRIbXUZBjHoSH4rDG8+XkX/Q6AZwkQdMA0+yPDKTHsieeXdZDfpOpZVHzOnuAb5Z2nX3KsA==",
        "dependencies": {
          "Microsoft.Extensions.Configuration": "10.0.12",
          "Microsoft.Extensions.Configuration.Abstractions": "10.0.12"
        }
      },
      "Microsoft.Extensions.DependencyInjection": {
        "type": "Transitive",
        "resolved": "10.0.12",
        "contentHash": "lXyK2O5GoYvfxW8eCFcD16JFbcoSTM1sJkAM0UHS1jZyl9NYMW64Tqm6OQFT0IDBjZi+xHt95/Zg+nxZhGFhZg==",
        "dependencies": {
          "Microsoft.Extensions.DependencyInjection.Abstractions": "10.0.12"
        }
      },
      "Microsoft.Extensions.DependencyInjection.Abstractions": {
        "type": "Transitive",
        "resolved": "10.0.12",
        "contentHash": "9/qymSh7hVDMGTGwrLz8MRp5zRyXy9adGDOs4HwRdnLil3oZGYuWeZjbmHgCQ9BL1qBroVfgUK3U/nb61617Cw=="
      },
      "Microsoft.Extensions.Diagnostics": {
        "type": "Transitive",
        "resolved": "10.0.12",
        "contentHash": "amx0O/R4dReqKlC3T740+CHpX8D8tAIV0f5kAPfFi4XK9jYo9BSepGt9/rWfvvCoSMaZ1+XvnqPp/Vv2fmTdAg==",
        "dependencies": {
          "Microsoft.Extensions.Configuration": "10.0.12",
          "Microsoft.Extensions.Diagnostics.Abstractions": "10.0.12",
          "Microsoft.Extensions.Options.ConfigurationExtensions": "10.0.12"
        }
      },
      "Microsoft.Extensions.Diagnostics.Abstractions": {
        "type": "Transitive",
        "resolved": "10.0.12",
        "contentHash": "fMp91qlRlMOuHfMyp7LuAnOS+MOeWTF1obJmyFcs4nZCXu6pr+QB1AbFJcl2qpBltBrqF/Y7+Rn9IuNcSuctig==",
        "dependencies": {
          "Microsoft.Extensions.DependencyInjection.Abstractions": "10.0.12",
          "Microsoft.Extensions.Options": "10.0.12",
          "System.Diagnostics.DiagnosticSource": "10.0.12"
        }
      },
      "Microsoft.Extensions.FileProviders.Abstractions": {
        "type": "Transitive",
        "resolved": "10.0.12",
        "contentHash": "iQseV6HixWzEYQH4i++84ToIroXnM5jC1TJF4EqBz3lWNG1HBTMYDLkRb6Wm3wk5V6WqSfl7NukO/LYsloGyfg==",
        "dependencies": {
          "Microsoft.Extensions.Primitives": "10.0.12"
        }
      },
      "Microsoft.Extensions.Hosting.Abstractions": {
        "type": "Transitive",
        "resolved": "10.0.12",
        "contentHash": "ZlIxIJtWmrph0Ikj0svSaTkZ+d+ZYpTAhazpf1b3aoFRmlNnNWwkcvqnqT9yKHjKvfBRthvUrkq11OxfItOhpg==",
        "dependencies": {
          "Microsoft.Extensions.Configuration.Abstractions": "10.0.12",
          "Microsoft.Extensions.DependencyInjection.Abstractions": "10.0.12",
          "Microsoft.Extensions.Diagnostics.Abstractions": "10.0.12",
          "Microsoft.Extensions.FileProviders.Abstractions": "10.0.12",
          "Microsoft.Extensions.Logging.Abstractions": "10.0.12"
        }
      },
      "Microsoft.Extensions.Http": {
        "type": "Transitive",
        "resolved": "10.0.12",
        "contentHash": "x/fnoUGgmIUjSgLR1p6Mpi/vXc1Xe0xDPJnggPp23I6vwM/kY4nxyOjo8i6G5KPVw+esJM+rJsqnHbdjasvCBw==",
        "dependencies": {
          "Microsoft.Extensions.Configuration.Abstractions": "10.0.12",
          "Microsoft.Extensions.DependencyInjection.Abstractions": "10.0.12",
          "Microsoft.Extensions.Diagnostics": "10.0.12",
          "Microsoft.Extensions.Logging": "10.0.12",
          "Microsoft.Extensions.Logging.Abstractions": "10.0.12",
          "Microsoft.Extensions.Options": "10.0.12"
        }
      },
      "Microsoft.Extensions.Logging": {
        "type": "Transitive",
        "resolved": "10.0.12",
        "contentHash": "6I46fTPfgYkrjRYfRXbho9WOvOelTnNjWuZws/hzGHDASH1LEJeA4VKK9k3wJvido8o7jJSB5WkMTonX7HM1bA==",
        "dependencies": {
          "Microsoft.Extensions.DependencyInjection": "10.0.12",
          "Microsoft.Extensions.Logging.Abstractions": "10.0.12",
          "Microsoft.Extensions.Options": "10.0.12"
        }
      },
      "Microsoft.Extensions.Logging.Abstractions": {
        "type": "Transitive",
        "resolved": "10.0.12",
        "contentHash": "+24lC4plfbEDNfLAdTV/SWKS7dW+16X4HdydO3R++134kSNTzcbYA4KpR1Hdh6uWisB8Za3AzwyOn+K+NxWIug==",
        "dependencies": {
          "Microsoft.Extensions.DependencyInjection.Abstractions": "10.0.12",
          "System.Diagnostics.DiagnosticSource": "10.0.12"
        }
      },
      "Microsoft.Extensions.Options": {
        "type": "Transitive",
        "resolved": "10.0.12",
        "contentHash": "TDYD33TSRpXKZWlmTXNlj5kCihxatmv2Ec1u6C+bMYLphCS7PoSLE9Pjd/nunDoE7yETk+LLKjVJX78HYtWjpA==",
        "dependencies": {
          "Microsoft.Extensions.DependencyInjection.Abstractions": "10.0.12",
          "Microsoft.Extensions.Primitives": "10.0.12"
        }
      },
      "Microsoft.Extensions.Options.ConfigurationExtensions": {
        "type": "Transitive",
        "resolved": "10.0.12",
        "contentHash": "rqpu4qj5WE9x1IHGXSIgHBKi7IUlQaHyp4aXCYIanG2OghlUMFZpZTgExaXwcvmLAJHsxKQWMPpc7D2WIbCVtA==",
        "dependencies": {
          "Microsoft.Extensions.Configuration.Abstractions": "10.0.12",
          "Microsoft.Extensions.Configuration.Binder": "10.0.12",
          "Microsoft.Extensions.DependencyInjection.Abstractions": "10.0.12",
          "Microsoft.Extensions.Options": "10.0.12",
          "Microsoft.Extensions.Primitives": "10.0.12"
        }
      },
      "Microsoft.Extensions.Primitives": {
        "type": "Transitive",
        "resolved": "10.0.12",
        "contentHash": "dYfCLR52UA+3DL7C4I/pvSaRPkNqxrUAQmbFL2u0zvYKKzqgrFCJl08Df+F1aYc8leu9JvpC9bsURUdpExcBXQ=="
      },
      "Microsoft.OpenApi": {
        "type": "Transitive",
        "resolved": "1.6.17",
        "contentHash": "Le+kehlmrlQfuDFUt1zZ2dVwrhFQtKREdKBo+rexOwaCoYP0/qpgT9tLxCsZjsgR5Itk1UKPcbgO+FyaNid/bA=="
      },
      "MySqlConnector": {
        "type": "Transitive",
        "resolved": "2.4.0",
        "contentHash": "78M+gVOjbdZEDIyXQqcA7EYlCGS3tpbUELHvn6638A2w0pkPI625ixnzsa5staAd3N9/xFmPJtkKDYwsXpFi/w==",
        "dependencies": {
          "Microsoft.Extensions.DependencyInjection.Abstractions": "8.0.2",
          "Microsoft.Extensions.Logging.Abstractions": "8.0.2"
        }
      },
      "Pomelo.EntityFrameworkCore.MySql": {
        "type": "Transitive",
        "resolved": "9.0.0",
        "contentHash": "cl7S4s6CbJno0LjNxrBHNc2xxmCliR5i40ATPZk/eTywVaAbHCbdc9vbGc3QThvwGjHqrDHT8vY9m1VF/47o0g==",
        "dependencies": {
          "Microsoft.EntityFrameworkCore.Relational": "[9.0.0, 9.0.999]",
          "MySqlConnector": "2.4.0"
        }
      },
      "System.Diagnostics.DiagnosticSource": {
        "type": "Transitive",
        "resolved": "10.0.12",
        "contentHash": "CRZTWYO0rzEcJN/6SuN1kMvQOJT7vyHZ64CCkQs0RRWTj7kH2KMkaMalbsbSI/eg5dS5JAQfQFFuuWgn+XRMsQ=="
      },
      "domaincopilot.application": {
        "type": "Project",
        "dependencies": {
          "DomainCopilot.Domain": "[1.0.0, )",
          "Microsoft.Extensions.DependencyInjection.Abstractions": "[10.0.12, )"
        }
      },
      "domaincopilot.domain": {
        "type": "Project"
      },
      "domaincopilot.infrastructure": {
        "type": "Project",
        "dependencies": {
          "DomainCopilot.Application": "[1.0.0, )",
          "Microsoft.Extensions.Hosting.Abstractions": "[10.0.12, )",
          "Microsoft.Extensions.Http": "[10.0.12, )",
          "Microsoft.Extensions.Options.ConfigurationExtensions": "[10.0.12, )",
          "Pomelo.EntityFrameworkCore.MySql": "[9.0.0, )"
        }
      }
    }
  }
}